
Microsoft Visual Studio Solution File, Format Version 12.00
# Visual Studio Version 17
VisualStudioVersion = 17.0.31903.59
MinimumVisualStudioVersion = 10.0.40219.1
Project("{FAE04EC0-301F-11D3-BF4B-00C04F79EFBC}") = "learningGithubActions_", "learningGithubActions_\learningGithubActions_.csproj", "{3D89D0D3-196B-4151-808A-82E76A1ABD4A}"
EndProject
Project("{FAE04EC0-301F-11D3-BF4B-00C04F79EFBC}") = "learningGithubActions_.Tests", "learningGithubActions_.Tests\learningGithubActions_.Tests.csproj", "{142D6DD7-194F-4018-8ED4-CBAF9E037ED4}"
EndProject
Global
	GlobalSection(SolutionConfigurationPlatforms) = preSolution
		Debug|Any CPU = Debug|Any CPU
		Release|Any CPU = Release|Any CPU
	EndGlobalSection
	GlobalSection(SolutionProperties) = preSolution
		HideSolutionNode = FALSE
	EndGlobalSection
	GlobalSection(ProjectConfigurationPlatforms) = postSolution
		{3D89D0D3-196B-4151-808A-82E76A1ABD4A}.Debug|Any CPU.ActiveCfg = Debug|Any CPU
		{3D89D0D3-196B-4151-808A-82E76A1ABD4A}.Debug|Any CPU.Build.0 = Debug|Any CPU
		{3D89D0D3-196B-4151-808A-82E76A1ABD4A}.Release|Any CPU.ActiveCfg = Release|Any CPU
		{3D89D0D3-196B-4151-808A-82E76A1ABD4A}.Release|Any CPU.Build.0 = Release|Any CPU
		{142D6DD7-194F-4018-8ED4-CBAF9E037ED4}.Debug|Any CPU.ActiveCfg = Debug|Any CPU
		{142D6DD7-194F-4018-8ED4-CBAF9E037ED4}.Debug|Any CPU.Build.0 = Debug|Any CPU
		{142D6DD7-194F-4018-8ED4-CBAF9E037ED4}.Release|Any CPU.ActiveCfg = Release|Any CPU
		{142D6DD7-194F-4018-8ED4-CBAF9E037ED4}.Release|Any CPU.Build.0 = Release|Any CPU
	EndGlobalSection
EndGlobal
